// !$*UTF8*$!
{
	archiveVersion = 1;
	classes = {
	};
	objectVersion = 46;
	objects = {

/* Begin PBXBuildFile section */
		F8B5ED1A195C6BCE00F97D9A /* Foundation.framework in Frameworks */ = {isa = PBXBuildFile; fileRef = F8B5ED19195C6BCE00F97D9A /* Foundation.framework */; };
		F8B5ED1C195C6BCE00F97D9A /* CoreGraphics.framework in Frameworks */ = {isa = PBXBuildFile; fileRef = F8B5ED1B195C6BCE00F97D9A /* CoreGraphics.framework */; };
		F8B5ED1E195C6BCE00F97D9A /* UIKit.framework in Frameworks */ = {isa = PBXBuildFile; fileRef = F8B5ED1D195C6BCE00F97D9A /* UIKit.framework */; };
		F8B5ED24195C6BCE00F97D9A /* InfoPlist.strings in Resources */ = {isa = PBXBuildFile; fileRef = F8B5ED22195C6BCE00F97D9A /* InfoPlist.strings */; };
		F8B5ED26195C6BCE00F97D9A /* main.m in Sources */ = {isa = PBXBuildFile; fileRef = F8B5ED25195C6BCE00F97D9A /* main.m */; };
		F8B5ED2A195C6BCE00F97D9A /* NHSFAppDelegate.m in Sources */ = {isa = PBXBuildFile; fileRef = F8B5ED29195C6BCE00F97D9A /* NHSFAppDelegate.m */; };
		F8B5ED2D195C6BCE00F97D9A /* Main.storyboard in Resources */ = {isa = PBXBuildFile; fileRef = F8B5ED2B195C6BCE00F97D9A /* Main.storyboard */; };
		F8B5ED30195C6BCE00F97D9A /* NHSFFirstViewController.m in Sources */ = {isa = PBXBuildFile; fileRef = F8B5ED2F195C6BCE00F97D9A /* NHSFFirstViewController.m */; };
		F8B5ED33195C6BCE00F97D9A /* NHSFSecondViewController.m in Sources */ = {isa = PBXBuildFile; fileRef = F8B5ED32195C6BCE00F97D9A /* NHSFSecondViewController.m */; };
		F8B5ED35195C6BCE00F97D9A /* Images.xcassets in Resources */ = {isa = PBXBuildFile; fileRef = F8B5ED34195C6BCE00F97D9A /* Images.xcassets */; };
		F8B5ED3C195C6BCE00F97D9A /* XCTest.framework in Frameworks */ = {isa = PBXBuildFile; fileRef = F8B5ED3B195C6BCE00F97D9A /* XCTest.framework */; };
		F8B5ED3D195C6BCE00F97D9A /* Foundation.framework in Frameworks */ = {isa = PBXBuildFile; fileRef = F8B5ED19195C6BCE00F97D9A /* Foundation.framework */; };
		F8B5ED3E195C6BCE00F97D9A /* UIKit.framework in Frameworks */ = {isa = PBXBuildFile; fileRef = F8B5ED1D195C6BCE00F97D9A /* UIKit.framework */; };
		F8B5ED46195C6BCE00F97D9A /* InfoPlist.strings in Resources */ = {isa = PBXBuildFile; fileRef = F8B5ED44195C6BCE00F97D9A /* InfoPlist.strings */; };
		F8B5ED48195C6BCE00F97D9A /* NHSFAppTests.m in Sources */ = {isa = PBXBuildFile; fileRef = F8B5ED47195C6BCE00F97D9A /* NHSFAppTests.m */; };
/* End PBXBuildFile section */

/* Begin PBXContainerItemProxy section */
		F8B5ED3F195C6BCE00F97D9A /* PBXContainerItemProxy */ = {
			isa = PBXContainerItemProxy;
			containerPortal = F8B5ED0E195C6BCE00F97D9A /* Project object */;
			proxyType = 1;
			remoteGlobalIDString = F8B5ED15195C6BCE00F97D9A;
			remoteInfo = NHSFApp;
		};
/* End PBXContainerItemProxy section */

/* Begin PBXFileReference section */
		F8B5ED16195C6BCE00F97D9A /* NHSFApp.app */ = {isa = PBXFileReference; explicitFileType = wrapper.application; includeInIndex = 0; path = NHSFApp.app; sourceTree = BUILT_PRODUCTS_DIR; };
		F8B5ED19195C6BCE00F97D9A /* Foundation.framework */ = {isa = PBXFileReference; lastKnownFileType = wrapper.framework; name = Foundation.framework; path = System/Library/Frameworks/Foundation.framework; sourceTree = SDKROOT; };
		F8B5ED1B195C6BCE00F97D9A /* CoreGraphics.framework */ = {isa = PBXFileReference; lastKnownFileType = wrapper.framework; name = CoreGraphics.framework; path = System/Library/Frameworks/CoreGraphics.framework; sourceTree = SDKROOT; };
		F8B5ED1D195C6BCE00F97D9A /* UIKit.framework */ = {isa = PBXFileReference; lastKnownFileType = wrapper.framework; name = UIKit.framework; path = System/Library/Frameworks/UIKit.framework; sourceTree = SDKROOT; };
		F8B5ED21195C6BCE00F97D9A /* NHSFApp-Info.plist */ = {isa = PBXFileReference; lastKnownFileType = text.plist.xml; path = "NHSFApp-Info.plist"; sourceTree = "<group>"; };
		F8B5ED23195C6BCE00F97D9A /* en */ = {isa = PBXFileReference; lastKnownFileType = text.plist.strings; name = en; path = en.lproj/InfoPlist.strings; sourceTree = "<group>"; };
		F8B5ED25195C6BCE00F97D9A /* main.m */ = {isa = PBXFileReference; lastKnownFileType = sourcecode.c.objc; path = main.m; sourceTree = "<group>"; };
		F8B5ED27195C6BCE00F97D9A /* NHSFApp-Prefix.pch */ = {isa = PBXFileReference; lastKnownFileType = sourcecode.c.h; path = "NHSFApp-Prefix.pch"; sourceTree = "<group>"; };
		F8B5ED28195C6BCE00F97D9A /* NHSFAppDelegate.h */ = {isa = PBXFileReference; lastKnownFileType = sourcecode.c.h; path = NHSFAppDelegate.h; sourceTree = "<group>"; };
		F8B5ED29195C6BCE00F97D9A /* NHSFAppDelegate.m */ = {isa = PBXFileReference; lastKnownFileType = sourcecode.c.objc; path = NHSFAppDelegate.m; sourceTree = "<group>"; };
		F8B5ED2C195C6BCE00F97D9A /* Base */ = {isa = PBXFileReference; lastKnownFileType = file.storyboard; name = Base; path = Base.lproj/Main.storyboard; sourceTree = "<group>"; };
		F8B5ED2E195C6BCE00F97D9A /* NHSFFirstViewController.h */ = {isa = PBXFileReference; lastKnownFileType = sourcecode.c.h; path = NHSFFirstViewController.h; sourceTree = "<group>"; };
		F8B5ED2F195C6BCE00F97D9A /* NHSFFirstViewController.m */ = {isa = PBXFileReference; lastKnownFileType = sourcecode.c.objc; path = NHSFFirstViewController.m; sourceTree = "<group>"; };
		F8B5ED31195C6BCE00F97D9A /* NHSFSecondViewController.h */ = {isa = PBXFileReference; lastKnownFileType = sourcecode.c.h; path = NHSFSecondViewController.h; sourceTree = "<group>"; };
		F8B5ED32195C6BCE00F97D9A /* NHSFSecondViewController.m */ = {isa = PBXFileReference; lastKnownFileType = sourcecode.c.objc; path = NHSFSecondViewController.m; sourceTree = "<group>"; };
		F8B5ED34195C6BCE00F97D9A /* Images.xcassets */ = {isa = PBXFileReference; lastKnownFileType = folder.assetcatalog; path = Images.xcassets; sourceTree = "<group>"; };
		F8B5ED3A195C6BCE00F97D9A /* NHSFAppTests.xctest */ = {isa = PBXFileReference; explicitFileType = wrapper.cfbundle; includeInIndex = 0; path = NHSFAppTests.xctest; sourceTree = BUILT_PRODUCTS_DIR; };
		F8B5ED3B195C6BCE00F97D9A /* XCTest.framework */ = {isa = PBXFileReference; lastKnownFileType = wrapper.framework; name = XCTest.framework; path = Library/Frameworks/XCTest.framework; sourceTree = DEVELOPER_DIR; };
		F8B5ED43195C6BCE00F97D9A /* NHSFAppTests-Info.plist */ = {isa = PBXFileReference; lastKnownFileType = text.plist.xml; path = "NHSFAppTests-Info.plist"; sourceTree = "<group>"; };
		F8B5ED45195C6BCE00F97D9A /* en */ = {isa = PBXFileReference; lastKnownFileType = text.plist.strings; name = en; path = en.lproj/InfoPlist.strings; sourceTree = "<group>"; };
		F8B5ED47195C6BCE00F97D9A /* NHSFAppTests.m */ = {isa = PBXFileReference; lastKnownFileType = sourcecode.c.objc; path = NHSFAppTests.m; sourceTree = "<group>"; };
/* End PBXFileReference section */

/* Begin PBXFrameworksBuildPhase section */
		F8B5ED13195C6BCE00F97D9A /* Frameworks */ = {
			isa = PBXFrameworksBuildPhase;
			buildActionMask = 2147483647;
			files = (
				F8B5ED1C195C6BCE00F97D9A /* CoreGraphics.framework in Frameworks */,
				F8B5ED1E195C6BCE00F97D9A /* UIKit.framework in Frameworks */,
				F8B5ED1A195C6BCE00F97D9A /* Foundation.framework in Frameworks */,
			);
			runOnlyForDeploymentPostprocessing = 0;
		};
		F8B5ED37195C6BCE00F97D9A /* Frameworks */ = {
			isa = PBXFrameworksBuildPhase;
			buildActionMask = 2147483647;
			files = (
				F8B5ED3C195C6BCE00F97D9A /* XCTest.framework in Frameworks */,
				F8B5ED3E195C6BCE00F97D9A /* UIKit.framework in Frameworks */,
				F8B5ED3D195C6BCE00F97D9A /* Foundation.framework in Frameworks */,
			);
			runOnlyForDeploymentPostprocessing = 0;
		};
/* End PBXFrameworksBuildPhase section */

/* Begin PBXGroup section */
		F8B5ED0D195C6BCE00F97D9A = {
			isa = PBXGroup;
			children = (
				F8B5ED1F195C6BCE00F97D9A /* NHSFApp */,
				F8B5ED41195C6BCE00F97D9A /* NHSFAppTests */,
				F8B5ED18195C6BCE00F97D9A /* Frameworks */,
				F8B5ED17195C6BCE00F97D9A /* Products */,
			);
			sourceTree = "<group>";
		};
		F8B5ED17195C6BCE00F97D9A /* Products */ = {
			isa = PBXGroup;
			children = (
				F8B5ED16195C6BCE00F97D9A /* NHSFApp.app */,
				F8B5ED3A195C6BCE00F97D9A /* NHSFAppTests.xctest */,
			);
			name = Products;
			sourceTree = "<group>";
		};
		F8B5ED18195C6BCE00F97D9A /* Frameworks */ = {
			isa = PBXGroup;
			children = (
				F8B5ED19195C6BCE00F97D9A /* Foundation.framework */,
				F8B5ED1B195C6BCE00F97D9A /* CoreGraphics.framework */,
				F8B5ED1D195C6BCE00F97D9A /* UIKit.framework */,
				F8B5ED3B195C6BCE00F97D9A /* XCTest.framework */,
			);
			name = Frameworks;
			sourceTree = "<group>";
		};
		F8B5ED1F195C6BCE00F97D9A /* NHSFApp */ = {
			isa = PBXGroup;
			children = (
				F8B5ED28195C6BCE00F97D9A /* NHSFAppDelegate.h */,
				F8B5ED29195C6BCE00F97D9A /* NHSFAppDelegate.m */,
				F8B5ED2B195C6BCE00F97D9A /* Main.storyboard */,
				F8B5ED2E195C6BCE00F97D9A /* NHSFFirstViewController.h */,
				F8B5ED2F195C6BCE00F97D9A /* NHSFFirstViewController.m */,
				F8B5ED31195C6BCE00F97D9A /* NHSFSecondViewController.h */,
				F8B5ED32195C6BCE00F97D9A /* NHSFSecondViewController.m */,
				F8B5ED34195C6BCE00F97D9A /* Images.xcassets */,
				F8B5ED20195C6BCE00F97D9A /* Supporting Files */,
			);
			path = NHSFApp;
			sourceTree = "<group>";
		};
		F8B5ED20195C6BCE00F97D9A /* Supporting Files */ = {
			isa = PBXGroup;
			children = (
				F8B5ED21195C6BCE00F97D9A /* NHSFApp-Info.plist */,
				F8B5ED22195C6BCE00F97D9A /* InfoPlist.strings */,
				F8B5ED25195C6BCE00F97D9A /* main.m */,
				F8B5ED27195C6BCE00F97D9A /* NHSFApp-Prefix.pch */,
			);
			name = "Supporting Files";
			sourceTree = "<group>";
		};
		F8B5ED41195C6BCE00F97D9A /* NHSFAppTests */ = {
			isa = PBXGroup;
			children = (
				F8B5ED47195C6BCE00F97D9A /* NHSFAppTests.m */,
				F8B5ED42195C6BCE00F97D9A /* Supporting Files */,
			);
			path = NHSFAppTests;
			sourceTree = "<group>";
		};
		F8B5ED42195C6BCE00F97D9A /* Supporting Files */ = {
			isa = PBXGroup;
			children = (
				F8B5ED43195C6BCE00F97D9A /* NHSFAppTests-Info.plist */,
				F8B5ED44195C6BCE00F97D9A /* InfoPlist.strings */,
			);
			name = "Supporting Files";
			sourceTree = "<group>";
		};
/* End PBXGroup section */

/* Begin PBXNativeTarget section */
		F8B5ED15195C6BCE00F97D9A /* NHSFApp */ = {
			isa = PBXNativeTarget;
			buildConfigurationList = F8B5ED4B195C6BCE00F97D9A /* Build configuration list for PBXNativeTarget "NHSFApp" */;
			buildPhases = (
				F8B5ED12195C6BCE00F97D9A /* Sources */,
				F8B5ED13195C6BCE00F97D9A /* Frameworks */,
				F8B5ED14195C6BCE00F97D9A /* Resources */,
			);
			buildRules = (
			);
			dependencies = (
			);
			name = NHSFApp;
			productName = NHSFApp;
			productReference = F8B5ED16195C6BCE00F97D9A /* NHSFApp.app */;
			productType = "com.apple.product-type.application";
		};
		F8B5ED39195C6BCE00F97D9A /* NHSFAppTests */ = {
			isa = PBXNativeTarget;
			buildConfigurationList = F8B5ED4E195C6BCE00F97D9A /* Build configuration list for PBXNativeTarget "NHSFAppTests" */;
			buildPhases = (
				F8B5ED36195C6BCE00F97D9A /* Sources */,
				F8B5ED37195C6BCE00F97D9A /* Frameworks */,
				F8B5ED38195C6BCE00F97D9A /* Resources */,
			);
			buildRules = (
			);
			dependencies = (
				F8B5ED40195C6BCE00F97D9A /* PBXTargetDependency */,
			);
			name = NHSFAppTests;
			productName = NHSFAppTests;
			productReference = F8B5ED3A195C6BCE00F97D9A /* NHSFAppTests.xctest */;
			productType = "com.apple.product-type.bundle.unit-test";
		};
/* End PBXNativeTarget section */

/* Begin PBXProject section */
		F8B5ED0E195C6BCE00F97D9A /* Project object */ = {
			isa = PBXProject;
			attributes = {
				CLASSPREFIX = NHSF;
				LastUpgradeCheck = 0510;
				ORGANIZATIONNAME = DivyeshBC;
				TargetAttributes = {
					F8B5ED39195C6BCE00F97D9A = {
						TestTargetID = F8B5ED15195C6BCE00F97D9A;
					};
				};
			};
			buildConfigurationList = F8B5ED11195C6BCE00F97D9A /* Build configuration list for PBXProject "NHSFApp" */;
			compatibilityVersion = "Xcode 3.2";
			developmentRegion = English;
			hasScannedForEncodings = 0;
			knownRegions = (
				en,
				Base,
			);
			mainGroup = F8B5ED0D195C6BCE00F97D9A;
			productRefGroup = F8B5ED17195C6BCE00F97D9A /* Products */;
			projectDirPath = "";
			projectRoot = "";
			targets = (
				F8B5ED15195C6BCE00F97D9A /* NHSFApp */,
				F8B5ED39195C6BCE00F97D9A /* NHSFAppTests */,
			);
		};
/* End PBXProject section */

/* Begin PBXResourcesBuildPhase section */
		F8B5ED14195C6BCE00F97D9A /* Resources */ = {
			isa = PBXResourcesBuildPhase;
			buildActionMask = 2147483647;
			files = (
				F8B5ED35195C6BCE00F97D9A /* Images.xcassets in Resources */,
				F8B5ED24195C6BCE00F97D9A /* InfoPlist.strings in Resources */,
				F8B5ED2D195C6BCE00F97D9A /* Main.storyboard in Resources */,
			);
			runOnlyForDeploymentPostprocessing = 0;
		};
		F8B5ED38195C6BCE00F97D9A /* Resources */ = {
			isa = PBXResourcesBuildPhase;
			buildActionMask = 2147483647;
			files = (
				F8B5ED46195C6BCE00F97D9A /* InfoPlist.strings in Resources */,
			);
			runOnlyForDeploymentPostprocessing = 0;
		};
/* End PBXResourcesBuildPhase section */

/* Begin PBXSourcesBuildPhase section */
		F8B5ED12195C6BCE00F97D9A /* Sources */ = {
			isa = PBXSourcesBuildPhase;
			buildActionMask = 2147483647;
			files = (
				F8B5ED26195C6BCE00F97D9A /* main.m in Sources */,
				F8B5ED30195C6BCE00F97D9A /* NHSFFirstViewController.m in Sources */,
				F8B5ED2A195C6BCE00F97D9A /* NHSFAppDelegate.m in Sources */,
				F8B5ED33195C6BCE00F97D9A /* NHSFSecondViewController.m in Sources */,
			);
			runOnlyForDeploymentPostprocessing = 0;
		};
		F8B5ED36195C6BCE00F97D9A /* Sources */ = {
			isa = PBXSourcesBuildPhase;
			buildActionMask = 2147483647;
			files = (
				F8B5ED48195C6BCE00F97D9A /* NHSFAppTests.m in Sources */,
			);
			runOnlyForDeploymentPostprocessing = 0;
		};
/* End PBXSourcesBuildPhase section */

/* Begin PBXTargetDependency section */
		F8B5ED40195C6BCE00F97D9A /* PBXTargetDependency */ = {
			isa = PBXTargetDependency;
			target = F8B5ED15195C6BCE00F97D9A /* NHSFApp */;
			targetProxy = F8B5ED3F195C6BCE00F97D9A /* PBXContainerItemProxy */;
		};
/* End PBXTargetDependency section */

/* Begin PBXVariantGroup section */
		F8B5ED22195C6BCE00F97D9A /* InfoPlist.strings */ = {
			isa = PBXVariantGroup;
			children = (
				F8B5ED23195C6BCE00F97D9A /* en */,
			);
			name = InfoPlist.strings;
			sourceTree = "<group>";
		};
		F8B5ED2B195C6BCE00F97D9A /* Main.storyboard */ = {
			isa = PBXVariantGroup;
			children = (
				F8B5ED2C195C6BCE00F97D9A /* Base */,
			);
			name = Main.storyboard;
			sourceTree = "<group>";
		};
		F8B5ED44195C6BCE00F97D9A /* InfoPlist.strings */ = {
			isa = PBXVariantGroup;
			children = (
				F8B5ED45195C6BCE00F97D9A /* en */,
			);
			name = InfoPlist.strings;
			sourceTree = "<group>";
		};
/* End PBXVariantGroup section */

/* Begin XCBuildConfiguration section */
		F8B5ED49195C6BCE00F97D9A /* Debug */ = {
			isa = XCBuildConfiguration;
			buildSettings = {
				ALWAYS_SEARCH_USER_PATHS = NO;
				CLANG_CXX_LANGUAGE_STANDARD = "gnu++0x";
				CLANG_CXX_LIBRARY = "libc++";
				CLANG_ENABLE_MODULES = YES;
				CLANG_ENABLE_OBJC_ARC = YES;
				CLANG_WARN_BOOL_CONVERSION = YES;
				CLANG_WARN_CONSTANT_CONVERSION = YES;
				CLANG_WARN_DIRECT_OBJC_ISA_USAGE = YES_ERROR;
				CLANG_WARN_EMPTY_BODY = YES;
				CLANG_WARN_ENUM_CONVERSION = YES;
				CLANG_WARN_INT_CONVERSION = YES;
				CLANG_WARN_OBJC_ROOT_CLASS = YES_ERROR;
				CLANG_WARN__DUPLICATE_METHOD_MATCH = YES;
				"CODE_SIGN_IDENTITY[sdk=iphoneos*]" = "iPhone Developer";
				COPY_PHASE_STRIP = NO;
				GCC_C_LANGUAGE_STANDARD = gnu99;
				GCC_DYNAMIC_NO_PIC = NO;
				GCC_OPTIMIZATION_LEVEL = 0;
				GCC_PREPROCESSOR_DEFINITIONS = (
					"DEBUG=1",
					"$(inherited)",
				);
				GCC_SYMBOLS_PRIVATE_EXTERN = NO;
				GCC_WARN_64_TO_32_BIT_CONVERSION = YES;
				GCC_WARN_ABOUT_RETURN_TYPE = YES_ERROR;
				GCC_WARN_UNDECLARED_SELECTOR = YES;
				GCC_WARN_UNINITIALIZED_AUTOS = YES_AGGRESSIVE;
				GCC_WARN_UNUSED_FUNCTION = YES;
				GCC_WARN_UNUSED_VARIABLE = YES;
				IPHONEOS_DEPLOYMENT_TARGET = 7.1;
				ONLY_ACTIVE_ARCH = YES;
				SDKROOT = iphoneos;
			};
			name = Debug;
		};
		F8B5ED4A195C6BCE00F97D9A /* Release */ = {
			isa = XCBuildConfiguration;
			buildSettings = {
				ALWAYS_SEARCH_USER_PATHS = NO;
				CLANG_CXX_LANGUAGE_STANDARD = "gnu++0x";
				CLANG_CXX_LIBRARY = "libc++";
				CLANG_ENABLE_MODULES = YES;
				CLANG_ENABLE_OBJC_ARC = YES;
				CLANG_WARN_BOOL_CONVERSION = YES;
				CLANG_WARN_CONSTANT_CONVERSION = YES;
				CLANG_WARN_DIRECT_OBJC_ISA_USAGE = YES_ERROR;
				CLANG_WARN_EMPTY_BODY = YES;
				CLANG_WARN_ENUM_CONVERSION = YES;
				CLANG_WARN_INT_CONVERSION = YES;
				CLANG_WARN_OBJC_ROOT_CLASS = YES_ERROR;
				CLANG_WARN__DUPLICATE_METHOD_MATCH = YES;
				"CODE_SIGN_IDENTITY[sdk=iphoneos*]" = "iPhone Developer";
				COPY_PHASE_STRIP = YES;
				ENABLE_NS_ASSERTIONS = NO;
				GCC_C_LANGUAGE_STANDARD = gnu99;
				GCC_WARN_64_TO_32_BIT_CONVERSION = YES;
				GCC_WARN_ABOUT_RETURN_TYPE = YES_ERROR;
				GCC_WARN_UNDECLARED_SELECTOR = YES;
				GCC_WARN_UNINITIALIZED_AUTOS = YES_AGGRESSIVE;
				GCC_WARN_UNUSED_FUNCTION = YES;
				GCC_WARN_UNUSED_VARIABLE = YES;
				IPHONEOS_DEPLOYMENT_TARGET = 7.1;
				SDKROOT = iphoneos;
				VALIDATE_PRODUCT = YES;
			};
			name = Release;
		};
		F8B5ED4C195C6BCE00F97D9A /* Debug */ = {
			isa = XCBuildConfiguration;
			buildSettings = {
				ASSETCATALOG_COMPILER_APPICON_NAME = AppIcon;
				ASSETCATALOG_COMPILER_LAUNCHIMAGE_NAME = LaunchImage;
				GCC_PRECOMPILE_PREFIX_HEADER = YES;
				GCC_PREFIX_HEADER = "NHSFApp/NHSFApp-Prefix.pch";
				INFOPLIST_FILE = "NHSFApp/NHSFApp-Info.plist";
				PRODUCT_NAME = "$(TARGET_NAME)";
				WRAPPER_EXTENSION = app;
			};
			name = Debug;
		};
		F8B5ED4D195C6BCE00F97D9A /* Release */ = {
			isa = XCBuildConfiguration;
			buildSettings = {
				ASSETCATALOG_COMPILER_APPICON_NAME = AppIcon;
				ASSETCATALOG_COMPILER_LAUNCHIMAGE_NAME = LaunchImage;
				GCC_PRECOMPILE_PREFIX_HEADER = YES;
				GCC_PREFIX_HEADER = "NHSFApp/NHSFApp-Prefix.pch";
				INFOPLIST_FILE = "NHSFApp/NHSFApp-Info.plist";
				PRODUCT_NAME = "$(TARGET_NAME)";
				WRAPPER_EXTENSION = app;
			};
			name = Release;
		};
		F8B5ED4F195C6BCE00F97D9A /* Debug */ = {
			isa = XCBuildConfiguration;
			buildSettings = {
				BUNDLE_LOADER = "$(BUILT_PRODUCTS_DIR)/NHSFApp.app/NHSFApp";
				FRAMEWORK_SEARCH_PATHS = (
					"$(SDKROOT)/Developer/Library/Frameworks",
					"$(inherited)",
					"$(DEVELOPER_FRAMEWORKS_DIR)",
				);
				GCC_PRECOMPILE_PREFIX_HEADER = YES;
				GCC_PREFIX_HEADER = "NHSFApp/NHSFApp-Prefix.pch";
				GCC_PREPROCESSOR_DEFINITIONS = (
					"DEBUG=1",
					"$(inherited)",
				);
				INFOPLIST_FILE = "NHSFAppTests/NHSFAppTests-Info.plist";
				PRODUCT_NAME = "$(TARGET_NAME)";
				TEST_HOST = "$(BUNDLE_LOADER)";
				WRAPPER_EXTENSION = xctest;
			};
			name = Debug;
		};
		F8B5ED50195C6BCE00F97D9A /* Release */ = {
			isa = XCBuildConfiguration;
			buildSettings = {
				BUNDLE_LOADER = "$(BUILT_PRODUCTS_DIR)/NHSFApp.app/NHSFApp";
				FRAMEWORK_SEARCH_PATHS = (
					"$(SDKROOT)/Developer/Library/Frameworks",
					"$(inherited)",
					"$(DEVELOPER_FRAMEWORKS_DIR)",
				);
				GCC_PRECOMPILE_PREFIX_HEADER = YES;
				GCC_PREFIX_HEADER = "NHSFApp/NHSFApp-Prefix.pch";
				INFOPLIST_FILE = "NHSFAppTests/NHSFAppTests-Info.plist";
				PRODUCT_NAME = "$(TARGET_NAME)";
				TEST_HOST = "$(BUNDLE_LOADER)";
				WRAPPER_EXTENSION = xctest;
			};
			name = Release;
		};
/* End XCBuildConfiguration section */

/* Begin XCConfigurationList section */
		F8B5ED11195C6BCE00F97D9A /* Build configuration list for PBXProject "NHSFApp" */ = {
			isa = XCConfigurationList;
			buildConfigurations = (
				F8B5ED49195C6BCE00F97D9A /* Debug */,
				F8B5ED4A195C6BCE00F97D9A /* Release */,
			);
			defaultConfigurationIsVisible = 0;
			defaultConfigurationName = Release;
		};
		F8B5ED4B195C6BCE00F97D9A /* Build configuration list for PBXNativeTarget "NHSFApp" */ = {
			isa = XCConfigurationList;
			buildConfigurations = (
				F8B5ED4C195C6BCE00F97D9A /* Debug */,
				F8B5ED4D195C6BCE00F97D9A /* Release */,
			);
			defaultConfigurationIsVisible = 0;
		};
		F8B5ED4E195C6BCE00F97D9A /* Build configuration list for PBXNativeTarget "NHSFAppTests" */ = {
			isa = XCConfigurationList;
			buildConfigurations = (
				F8B5ED4F195C6BCE00F97D9A /* Debug */,
				F8B5ED50195C6BCE00F97D9A /* Release */,
			);
			defaultConfigurationIsVisible = 0;
		};
/* End XCConfigurationList section */
	};
	rootObject = F8B5ED0E195C6BCE00F97D9A /* Project object */;
}
